
Microsoft Visual Studio Solution File, Format Version 12.00
# Visual Studio 15
VisualStudioVersion = 15.0.35213.121
MinimumVisualStudioVersion = 10.0.40219.1
Project("{FAE04EC0-301F-11D3-BF4B-00C04F79EFBC}") = "ÖDEV", "ÖDEV\ÖDEV.csproj", "{F3817F55-B745-45FB-9316-900C57323106}"
EndProject
Global
	GlobalSection(SolutionConfigurationPlatforms) = preSolution
		Debug|Any CPU = Debug|Any CPU
		Release|Any CPU = Release|Any CPU
	EndGlobalSection
	GlobalSection(ProjectConfigurationPlatforms) = postSolution
		{F3817F55-B745-45FB-9316-900C57323106}.Debug|Any CPU.ActiveCfg = Debug|Any CPU
		{F3817F55-B745-45FB-9316-900C57323106}.Debug|Any CPU.Build.0 = Debug|Any CPU
		{F3817F55-B745-45FB-9316-900C57323106}.Release|Any CPU.ActiveCfg = Release|Any CPU
		{F3817F55-B745-45FB-9316-900C57323106}.Release|Any CPU.Build.0 = Release|Any CPU
	EndGlobalSection
	GlobalSection(SolutionProperties) = preSolution
		HideSolutionNode = FALSE
	EndGlobalSection
	GlobalSection(ExtensibilityGlobals) = postSolution
		SolutionGuid = {A0F35B1F-2C5E-499C-B24D-CEFC58746E42}
	EndGlobalSection
EndGlobal
